
Microsoft Visual Studio Solution File, Format Version 12.00
# Visual Studio Version 17
VisualStudioVersion = 17.0.31912.275
MinimumVisualStudioVersion = 10.0.40219.1
Project("{FAE04EC0-301F-11D3-BF4B-00C04F79EFBC}") = "DevopsAPI", "DevopsAPI\DevopsAPI.csproj", "{7836A480-08E4-4FF9-8BF2-8C14262A82D8}"
EndProject
Global
	GlobalSection(SolutionConfigurationPlatforms) = preSolution
		Debug|Any CPU = Debug|Any CPU
		Release|Any CPU = Release|Any CPU
	EndGlobalSection
	GlobalSection(ProjectConfigurationPlatforms) = postSolution
		{7836A480-08E4-4FF9-8BF2-8C14262A82D8}.Debug|Any CPU.ActiveCfg = Debug|Any CPU
		{7836A480-08E4-4FF9-8BF2-8C14262A82D8}.Debug|Any CPU.Build.0 = Debug|Any CPU
		{7836A480-08E4-4FF9-8BF2-8C14262A82D8}.Release|Any CPU.ActiveCfg = Release|Any CPU
		{7836A480-08E4-4FF9-8BF2-8C14262A82D8}.Release|Any CPU.Build.0 = Release|Any CPU
	EndGlobalSection
	GlobalSection(SolutionProperties) = preSolution
		HideSolutionNode = FALSE
	EndGlobalSection
	GlobalSection(ExtensibilityGlobals) = postSolution
		SolutionGuid = {BC0C04E1-0C64-4551-8336-1B7973D83F2C}
	EndGlobalSection
EndGlobal
